// !$*UTF8*$!
{
	archiveVersion = 1;
	classes = {
	};
	objectVersion = 48;
	objects = {

/* Begin PBXBuildFile section */
		27511B892018A76600B05685 /* ListaCompra.swift in Sources */ = {isa = PBXBuildFile; fileRef = 27511B882018A76600B05685 /* ListaCompra.swift */; };
		27511B912018D6A100B05685 /* ListaCompraTests.swift in Sources */ = {isa = PBXBuildFile; fileRef = 27511B902018D6A100B05685 /* ListaCompraTests.swift */; };
		27DF18A02014D7D700AB465E /* AppDelegate.swift in Sources */ = {isa = PBXBuildFile; fileRef = 27DF189F2014D7D700AB465E /* AppDelegate.swift */; };
		27DF18A22014D7D700AB465E /* ListaViewController.swift in Sources */ = {isa = PBXBuildFile; fileRef = 27DF18A12014D7D700AB465E /* ListaViewController.swift */; };
		27DF18A52014D7D700AB465E /* Main.storyboard in Resources */ = {isa = PBXBuildFile; fileRef = 27DF18A32014D7D700AB465E /* Main.storyboard */; };
		27DF18A72014D7D700AB465E /* Assets.xcassets in Resources */ = {isa = PBXBuildFile; fileRef = 27DF18A62014D7D700AB465E /* Assets.xcassets */; };
		27DF18AA2014D7D700AB465E /* LaunchScreen.storyboard in Resources */ = {isa = PBXBuildFile; fileRef = 27DF18A82014D7D700AB465E /* LaunchScreen.storyboard */; };
		27DF18B22014D8AC00AB465E /* Item.swift in Sources */ = {isa = PBXBuildFile; fileRef = 27DF18B12014D8AC00AB465E /* Item.swift */; };
		27DF18B62014F8E200AB465E /* NuevoItemViewController.swift in Sources */ = {isa = PBXBuildFile; fileRef = 27DF18B52014F8E200AB465E /* NuevoItemViewController.swift */; };
/* End PBXBuildFile section */

/* Begin PBXContainerItemProxy section */
		27511B932018D6A100B05685 /* PBXContainerItemProxy */ = {
			isa = PBXContainerItemProxy;
			containerPortal = 27DF18942014D7D700AB465E /* Project object */;
			proxyType = 1;
			remoteGlobalIDString = 27DF189B2014D7D700AB465E;
			remoteInfo = ListaCompra;
		};
/* End PBXContainerItemProxy section */

/* Begin PBXFileReference section */
		27511B882018A76600B05685 /* ListaCompra.swift */ = {isa = PBXFileReference; lastKnownFileType = sourcecode.swift; path = ListaCompra.swift; sourceTree = "<group>"; };
		27511B8E2018D6A100B05685 /* ListaCompraTests.xctest */ = {isa = PBXFileReference; explicitFileType = wrapper.cfbundle; includeInIndex = 0; path = ListaCompraTests.xctest; sourceTree = BUILT_PRODUCTS_DIR; };
		27511B902018D6A100B05685 /* ListaCompraTests.swift */ = {isa = PBXFileReference; lastKnownFileType = sourcecode.swift; path = ListaCompraTests.swift; sourceTree = "<group>"; };
		27511B922018D6A100B05685 /* Info.plist */ = {isa = PBXFileReference; lastKnownFileType = text.plist.xml; path = Info.plist; sourceTree = "<group>"; };
		27DF189C2014D7D700AB465E /* ListaCompra.app */ = {isa = PBXFileReference; explicitFileType = wrapper.application; includeInIndex = 0; path = ListaCompra.app; sourceTree = BUILT_PRODUCTS_DIR; };
		27DF189F2014D7D700AB465E /* AppDelegate.swift */ = {isa = PBXFileReference; lastKnownFileType = sourcecode.swift; path = AppDelegate.swift; sourceTree = "<group>"; };
		27DF18A12014D7D700AB465E /* ListaViewController.swift */ = {isa = PBXFileReference; lastKnownFileType = sourcecode.swift; path = ListaViewController.swift; sourceTree = "<group>"; };
		27DF18A42014D7D700AB465E /* Base */ = {isa = PBXFileReference; lastKnownFileType = file.storyboard; name = Base; path = Base.lproj/Main.storyboard; sourceTree = "<group>"; };
		27DF18A62014D7D700AB465E /* Assets.xcassets */ = {isa = PBXFileReference; lastKnownFileType = folder.assetcatalog; path = Assets.xcassets; sourceTree = "<group>"; };
		27DF18A92014D7D700AB465E /* Base */ = {isa = PBXFileReference; lastKnownFileType = file.storyboard; name = Base; path = Base.lproj/LaunchScreen.storyboard; sourceTree = "<group>"; };
		27DF18AB2014D7D700AB465E /* Info.plist */ = {isa = PBXFileReference; lastKnownFileType = text.plist.xml; path = Info.plist; sourceTree = "<group>"; };
		27DF18B12014D8AC00AB465E /* Item.swift */ = {isa = PBXFileReference; lastKnownFileType = sourcecode.swift; path = Item.swift; sourceTree = "<group>"; };
		27DF18B52014F8E200AB465E /* NuevoItemViewController.swift */ = {isa = PBXFileReference; lastKnownFileType = sourcecode.swift; path = NuevoItemViewController.swift; sourceTree = "<group>"; };
/* End PBXFileReference section */

/* Begin PBXFrameworksBuildPhase section */
		27511B8B2018D6A100B05685 /* Frameworks */ = {
			isa = PBXFrameworksBuildPhase;
			buildActionMask = 2147483647;
			files = (
			);
			runOnlyForDeploymentPostprocessing = 0;
		};
		27DF18992014D7D700AB465E /* Frameworks */ = {
			isa = PBXFrameworksBuildPhase;
			buildActionMask = 2147483647;
			files = (
			);
			runOnlyForDeploymentPostprocessing = 0;
		};
/* End PBXFrameworksBuildPhase section */

/* Begin PBXGroup section */
		27511B872018A73700B05685 /* modelo */ = {
			isa = PBXGroup;
			children = (
				27511B882018A76600B05685 /* ListaCompra.swift */,
			);
			path = modelo;
			sourceTree = "<group>";
		};
		27511B8F2018D6A100B05685 /* ListaCompraTests */ = {
			isa = PBXGroup;
			children = (
				27511B902018D6A100B05685 /* ListaCompraTests.swift */,
				27511B922018D6A100B05685 /* Info.plist */,
			);
			path = ListaCompraTests;
			sourceTree = "<group>";
		};
		27DF18932014D7D700AB465E = {
			isa = PBXGroup;
			children = (
				27DF189E2014D7D700AB465E /* ListaCompra */,
				27511B8F2018D6A100B05685 /* ListaCompraTests */,
				27DF189D2014D7D700AB465E /* Products */,
			);
			sourceTree = "<group>";
		};
		27DF189D2014D7D700AB465E /* Products */ = {
			isa = PBXGroup;
			children = (
				27DF189C2014D7D700AB465E /* ListaCompra.app */,
				27511B8E2018D6A100B05685 /* ListaCompraTests.xctest */,
			);
			name = Products;
			sourceTree = "<group>";
		};
		27DF189E2014D7D700AB465E /* ListaCompra */ = {
			isa = PBXGroup;
			children = (
				27511B872018A73700B05685 /* modelo */,
				27DF189F2014D7D700AB465E /* AppDelegate.swift */,
				27DF18A12014D7D700AB465E /* ListaViewController.swift */,
				27DF18A32014D7D700AB465E /* Main.storyboard */,
				27DF18A62014D7D700AB465E /* Assets.xcassets */,
				27DF18A82014D7D700AB465E /* LaunchScreen.storyboard */,
				27DF18AB2014D7D700AB465E /* Info.plist */,
				27DF18B12014D8AC00AB465E /* Item.swift */,
				27DF18B52014F8E200AB465E /* NuevoItemViewController.swift */,
			);
			path = ListaCompra;
			sourceTree = "<group>";
		};
/* End PBXGroup section */

/* Begin PBXNativeTarget section */
		27511B8D2018D6A100B05685 /* ListaCompraTests */ = {
			isa = PBXNativeTarget;
			buildConfigurationList = 27511B952018D6A100B05685 /* Build configuration list for PBXNativeTarget "ListaCompraTests" */;
			buildPhases = (
				27511B8A2018D6A100B05685 /* Sources */,
				27511B8B2018D6A100B05685 /* Frameworks */,
				27511B8C2018D6A100B05685 /* Resources */,
			);
			buildRules = (
			);
			dependencies = (
				27511B942018D6A100B05685 /* PBXTargetDependency */,
			);
			name = ListaCompraTests;
			productName = ListaCompraTests;
			productReference = 27511B8E2018D6A100B05685 /* ListaCompraTests.xctest */;
			productType = "com.apple.product-type.bundle.unit-test";
		};
		27DF189B2014D7D700AB465E /* ListaCompra */ = {
			isa = PBXNativeTarget;
			buildConfigurationList = 27DF18AE2014D7D700AB465E /* Build configuration list for PBXNativeTarget "ListaCompra" */;
			buildPhases = (
				27DF18982014D7D700AB465E /* Sources */,
				27DF18992014D7D700AB465E /* Frameworks */,
				27DF189A2014D7D700AB465E /* Resources */,
			);
			buildRules = (
			);
			dependencies = (
			);
			name = ListaCompra;
			productName = ListaCompra;
			productReference = 27DF189C2014D7D700AB465E /* ListaCompra.app */;
			productType = "com.apple.product-type.application";
		};
/* End PBXNativeTarget section */

/* Begin PBXProject section */
		27DF18942014D7D700AB465E /* Project object */ = {
			isa = PBXProject;
			attributes = {
				LastSwiftUpdateCheck = 0900;
				LastUpgradeCheck = 0900;
				ORGANIZATIONNAME = "Universidad de Alicante";
				TargetAttributes = {
					27511B8D2018D6A100B05685 = {
						CreatedOnToolsVersion = 9.0;
						ProvisioningStyle = Automatic;
						TestTargetID = 27DF189B2014D7D700AB465E;
					};
					27DF189B2014D7D700AB465E = {
						CreatedOnToolsVersion = 9.0;
						ProvisioningStyle = Automatic;
					};
				};
			};
			buildConfigurationList = 27DF18972014D7D700AB465E /* Build configuration list for PBXProject "ListaCompra" */;
			compatibilityVersion = "Xcode 8.0";
			developmentRegion = en;
			hasScannedForEncodings = 0;
			knownRegions = (
				en,
				Base,
			);
			mainGroup = 27DF18932014D7D700AB465E;
			productRefGroup = 27DF189D2014D7D700AB465E /* Products */;
			projectDirPath = "";
			projectRoot = "";
			targets = (
				27DF189B2014D7D700AB465E /* ListaCompra */,
				27511B8D2018D6A100B05685 /* ListaCompraTests */,
			);
		};
/* End PBXProject section */

/* Begin PBXResourcesBuildPhase section */
		27511B8C2018D6A100B05685 /* Resources */ = {
			isa = PBXResourcesBuildPhase;
			buildActionMask = 2147483647;
			files = (
			);
			runOnlyForDeploymentPostprocessing = 0;
		};
		27DF189A2014D7D700AB465E /* Resources */ = {
			isa = PBXResourcesBuildPhase;
			buildActionMask = 2147483647;
			files = (
				27DF18AA2014D7D700AB465E /* LaunchScreen.storyboard in Resources */,
				27DF18A72014D7D700AB465E /* Assets.xcassets in Resources */,
				27DF18A52014D7D700AB465E /* Main.storyboard in Resources */,
			);
			runOnlyForDeploymentPostprocessing = 0;
		};
/* End PBXResourcesBuildPhase section */

/* Begin PBXSourcesBuildPhase section */
		27511B8A2018D6A100B05685 /* Sources */ = {
			isa = PBXSourcesBuildPhase;
			buildActionMask = 2147483647;
			files = (
				27511B912018D6A100B05685 /* ListaCompraTests.swift in Sources */,
			);
			runOnlyForDeploymentPostprocessing = 0;
		};
		27DF18982014D7D700AB465E /* Sources */ = {
			isa = PBXSourcesBuildPhase;
			buildActionMask = 2147483647;
			files = (
				27DF18A22014D7D700AB465E /* ListaViewController.swift in Sources */,
				27511B892018A76600B05685 /* ListaCompra.swift in Sources */,
				27DF18B22014D8AC00AB465E /* Item.swift in Sources */,
				27DF18A02014D7D700AB465E /* AppDelegate.swift in Sources */,
				27DF18B62014F8E200AB465E /* NuevoItemViewController.swift in Sources */,
			);
			runOnlyForDeploymentPostprocessing = 0;
		};
/* End PBXSourcesBuildPhase section */

/* Begin PBXTargetDependency section */
		27511B942018D6A100B05685 /* PBXTargetDependency */ = {
			isa = PBXTargetDependency;
			target = 27DF189B2014D7D700AB465E /* ListaCompra */;
			targetProxy = 27511B932018D6A100B05685 /* PBXContainerItemProxy */;
		};
/* End PBXTargetDependency section */

/* Begin PBXVariantGroup section */
		27DF18A32014D7D700AB465E /* Main.storyboard */ = {
			isa = PBXVariantGroup;
			children = (
				27DF18A42014D7D700AB465E /* Base */,
			);
			name = Main.storyboard;
			sourceTree = "<group>";
		};
		27DF18A82014D7D700AB465E /* LaunchScreen.storyboard */ = {
			isa = PBXVariantGroup;
			children = (
				27DF18A92014D7D700AB465E /* Base */,
			);
			name = LaunchScreen.storyboard;
			sourceTree = "<group>";
		};
/* End PBXVariantGroup section */

/* Begin XCBuildConfiguration section */
		27511B962018D6A100B05685 /* Debug */ = {
			isa = XCBuildConfiguration;
			buildSettings = {
				BUNDLE_LOADER = "$(TEST_HOST)";
				CODE_SIGN_STYLE = Automatic;
				DEVELOPMENT_TEAM = 3S952AGH46;
				INFOPLIST_FILE = ListaCompraTests/Info.plist;
				LD_RUNPATH_SEARCH_PATHS = "$(inherited) @executable_path/Frameworks @loader_path/Frameworks";
				PRODUCT_BUNDLE_IDENTIFIER = UA.ListaCompraTests;
				PRODUCT_NAME = "$(TARGET_NAME)";
				SWIFT_VERSION = 4.0;
				TARGETED_DEVICE_FAMILY = "1,2";
				TEST_HOST = "$(BUILT_PRODUCTS_DIR)/ListaCompra.app/ListaCompra";
			};
			name = Debug;
		};
		27511B972018D6A100B05685 /* Release */ = {
			isa = XCBuildConfiguration;
			buildSettings = {
				BUNDLE_LOADER = "$(TEST_HOST)";
				CODE_SIGN_STYLE = Automatic;
				DEVELOPMENT_TEAM = 3S952AGH46;
				INFOPLIST_FILE = ListaCompraTests/Info.plist;
				LD_RUNPATH_SEARCH_PATHS = "$(inherited) @executable_path/Frameworks @loader_path/Frameworks";
				PRODUCT_BUNDLE_IDENTIFIER = UA.ListaCompraTests;
				PRODUCT_NAME = "$(TARGET_NAME)";
				SWIFT_VERSION = 4.0;
				TARGETED_DEVICE_FAMILY = "1,2";
				TEST_HOST = "$(BUILT_PRODUCTS_DIR)/ListaCompra.app/ListaCompra";
			};
			name = Release;
		};
		27DF18AC2014D7D700AB465E /* Debug */ = {
			isa = XCBuildConfiguration;
			buildSettings = {
				ALWAYS_SEARCH_USER_PATHS = NO;
				CLANG_ANALYZER_NONNULL = YES;
				CLANG_ANALYZER_NUMBER_OBJECT_CONVERSION = YES_AGGRESSIVE;
				CLANG_CXX_LANGUAGE_STANDARD = "gnu++14";
				CLANG_CXX_LIBRARY = "libc++";
				CLANG_ENABLE_MODULES = YES;
				CLANG_ENABLE_OBJC_ARC = YES;
				CLANG_WARN_BLOCK_CAPTURE_AUTORELEASING = YES;
				CLANG_WARN_BOOL_CONVERSION = YES;
				CLANG_WARN_COMMA = YES;
				CLANG_WARN_CONSTANT_CONVERSION = YES;
				CLANG_WARN_DIRECT_OBJC_ISA_USAGE = YES_ERROR;
				CLANG_WARN_DOCUMENTATION_COMMENTS = YES;
				CLANG_WARN_EMPTY_BODY = YES;
				CLANG_WARN_ENUM_CONVERSION = YES;
				CLANG_WARN_INFINITE_RECURSION = YES;
				CLANG_WARN_INT_CONVERSION = YES;
				CLANG_WARN_NON_LITERAL_NULL_CONVERSION = YES;
				CLANG_WARN_OBJC_LITERAL_CONVERSION = YES;
				CLANG_WARN_OBJC_ROOT_CLASS = YES_ERROR;
				CLANG_WARN_RANGE_LOOP_ANALYSIS = YES;
				CLANG_WARN_STRICT_PROTOTYPES = YES;
				CLANG_WARN_SUSPICIOUS_MOVE = YES;
				CLANG_WARN_UNGUARDED_AVAILABILITY = YES_AGGRESSIVE;
				CLANG_WARN_UNREACHABLE_CODE = YES;
				CLANG_WARN__DUPLICATE_METHOD_MATCH = YES;
				CODE_SIGN_IDENTITY = "iPhone Developer";
				COPY_PHASE_STRIP = NO;
				DEBUG_INFORMATION_FORMAT = dwarf;
				ENABLE_STRICT_OBJC_MSGSEND = YES;
				ENABLE_TESTABILITY = YES;
				GCC_C_LANGUAGE_STANDARD = gnu11;
				GCC_DYNAMIC_NO_PIC = NO;
				GCC_NO_COMMON_BLOCKS = YES;
				GCC_OPTIMIZATION_LEVEL = 0;
				GCC_PREPROCESSOR_DEFINITIONS = (
					"DEBUG=1",
					"$(inherited)",
				);
				GCC_WARN_64_TO_32_BIT_CONVERSION = YES;
				GCC_WARN_ABOUT_RETURN_TYPE = YES_ERROR;
				GCC_WARN_UNDECLARED_SELECTOR = YES;
				GCC_WARN_UNINITIALIZED_AUTOS = YES_AGGRESSIVE;
				GCC_WARN_UNUSED_FUNCTION = YES;
				GCC_WARN_UNUSED_VARIABLE = YES;
				IPHONEOS_DEPLOYMENT_TARGET = 11.0;
				MTL_ENABLE_DEBUG_INFO = YES;
				ONLY_ACTIVE_ARCH = YES;
				SDKROOT = iphoneos;
				SWIFT_ACTIVE_COMPILATION_CONDITIONS = DEBUG;
				SWIFT_OPTIMIZATION_LEVEL = "-Onone";
			};
			name = Debug;
		};
		27DF18AD2014D7D700AB465E /* Release */ = {
			isa = XCBuildConfiguration;
			buildSettings = {
				ALWAYS_SEARCH_USER_PATHS = NO;
				CLANG_ANALYZER_NONNULL = YES;
				CLANG_ANALYZER_NUMBER_OBJECT_CONVERSION = YES_AGGRESSIVE;
				CLANG_CXX_LANGUAGE_STANDARD = "gnu++14";
				CLANG_CXX_LIBRARY = "libc++";
				CLANG_ENABLE_MODULES = YES;
				CLANG_ENABLE_OBJC_ARC = YES;
				CLANG_WARN_BLOCK_CAPTURE_AUTORELEASING = YES;
				CLANG_WARN_BOOL_CONVERSION = YES;
				CLANG_WARN_COMMA = YES;
				CLANG_WARN_CONSTANT_CONVERSION = YES;
				CLANG_WARN_DIRECT_OBJC_ISA_USAGE = YES_ERROR;
				CLANG_WARN_DOCUMENTATION_COMMENTS = YES;
				CLANG_WARN_EMPTY_BODY = YES;
				CLANG_WARN_ENUM_CONVERSION = YES;
				CLANG_WARN_INFINITE_RECURSION = YES;
				CLANG_WARN_INT_CONVERSION = YES;
				CLANG_WARN_NON_LITERAL_NULL_CONVERSION = YES;
				CLANG_WARN_OBJC_LITERAL_CONVERSION = YES;
				CLANG_WARN_OBJC_ROOT_CLASS = YES_ERROR;
				CLANG_WARN_RANGE_LOOP_ANALYSIS = YES;
				CLANG_WARN_STRICT_PROTOTYPES = YES;
				CLANG_WARN_SUSPICIOUS_MOVE = YES;
				CLANG_WARN_UNGUARDED_AVAILABILITY = YES_AGGRESSIVE;
				CLANG_WARN_UNREACHABLE_CODE = YES;
				CLANG_WARN__DUPLICATE_METHOD_MATCH = YES;
				CODE_SIGN_IDENTITY = "iPhone Developer";
				COPY_PHASE_STRIP = NO;
				DEBUG_INFORMATION_FORMAT = "dwarf-with-dsym";
				ENABLE_NS_ASSERTIONS = NO;
				ENABLE_STRICT_OBJC_MSGSEND = YES;
				GCC_C_LANGUAGE_STANDARD = gnu11;
				GCC_NO_COMMON_BLOCKS = YES;
				GCC_WARN_64_TO_32_BIT_CONVERSION = YES;
				GCC_WARN_ABOUT_RETURN_TYPE = YES_ERROR;
				GCC_WARN_UNDECLARED_SELECTOR = YES;
				GCC_WARN_UNINITIALIZED_AUTOS = YES_AGGRESSIVE;
				GCC_WARN_UNUSED_FUNCTION = YES;
				GCC_WARN_UNUSED_VARIABLE = YES;
				IPHONEOS_DEPLOYMENT_TARGET = 11.0;
				MTL_ENABLE_DEBUG_INFO = NO;
				SDKROOT = iphoneos;
				SWIFT_OPTIMIZATION_LEVEL = "-Owholemodule";
				VALIDATE_PRODUCT = YES;
			};
			name = Release;
		};
		27DF18AF2014D7D700AB465E /* Debug */ = {
			isa = XCBuildConfiguration;
			buildSettings = {
				ASSETCATALOG_COMPILER_APPICON_NAME = AppIcon;
				CODE_SIGN_STYLE = Automatic;
				DEVELOPMENT_TEAM = 3S952AGH46;
				INFOPLIST_FILE = ListaCompra/Info.plist;
				LD_RUNPATH_SEARCH_PATHS = "$(inherited) @executable_path/Frameworks";
				PRODUCT_BUNDLE_IDENTIFIER = UA.ListaCompra;
				PRODUCT_NAME = "$(TARGET_NAME)";
				SWIFT_VERSION = 4.0;
				TARGETED_DEVICE_FAMILY = "1,2";
			};
			name = Debug;
		};
		27DF18B02014D7D700AB465E /* Release */ = {
			isa = XCBuildConfiguration;
			buildSettings = {
				ASSETCATALOG_COMPILER_APPICON_NAME = AppIcon;
				CODE_SIGN_STYLE = Automatic;
				DEVELOPMENT_TEAM = 3S952AGH46;
				INFOPLIST_FILE = ListaCompra/Info.plist;
				LD_RUNPATH_SEARCH_PATHS = "$(inherited) @executable_path/Frameworks";
				PRODUCT_BUNDLE_IDENTIFIER = UA.ListaCompra;
				PRODUCT_NAME = "$(TARGET_NAME)";
				SWIFT_VERSION = 4.0;
				TARGETED_DEVICE_FAMILY = "1,2";
			};
			name = Release;
		};
/* End XCBuildConfiguration section */

/* Begin XCConfigurationList section */
		27511B952018D6A100B05685 /* Build configuration list for PBXNativeTarget "ListaCompraTests" */ = {
			isa = XCConfigurationList;
			buildConfigurations = (
				27511B962018D6A100B05685 /* Debug */,
				27511B972018D6A100B05685 /* Release */,
			);
			defaultConfigurationIsVisible = 0;
			defaultConfigurationName = Release;
		};
		27DF18972014D7D700AB465E /* Build configuration list for PBXProject "ListaCompra" */ = {
			isa = XCConfigurationList;
			buildConfigurations = (
				27DF18AC2014D7D700AB465E /* Debug */,
				27DF18AD2014D7D700AB465E /* Release */,
			);
			defaultConfigurationIsVisible = 0;
			defaultConfigurationName = Release;
		};
		27DF18AE2014D7D700AB465E /* Build configuration list for PBXNativeTarget "ListaCompra" */ = {
			isa = XCConfigurationList;
			buildConfigurations = (
				27DF18AF2014D7D700AB465E /* Debug */,
				27DF18B02014D7D700AB465E /* Release */,
			);
			defaultConfigurationIsVisible = 0;
			defaultConfigurationName = Release;
		};
/* End XCConfigurationList section */
	};
	rootObject = 27DF18942014D7D700AB465E /* Project object */;
}
